
Microsoft Visual Studio Solution File, Format Version 12.00
# Visual Studio Version 17
VisualStudioVersion = 17.9.34607.119
MinimumVisualStudioVersion = 10.0.40219.1
Project("{FAE04EC0-301F-11D3-BF4B-00C04F79EFBC}") = "Wachtwoordmeter1", "Wachtwoordmeter1\Wachtwoordmeter1.csproj", "{945AB2DB-27AE-4A21-800A-67E58D497019}"
EndProject
Global
	GlobalSection(SolutionConfigurationPlatforms) = preSolution
		Debug|Any CPU = Debug|Any CPU
		Release|Any CPU = Release|Any CPU
	EndGlobalSection
	GlobalSection(ProjectConfigurationPlatforms) = postSolution
		{945AB2DB-27AE-4A21-800A-67E58D497019}.Debug|Any CPU.ActiveCfg = Debug|Any CPU
		{945AB2DB-27AE-4A21-800A-67E58D497019}.Debug|Any CPU.Build.0 = Debug|Any CPU
		{945AB2DB-27AE-4A21-800A-67E58D497019}.Release|Any CPU.ActiveCfg = Release|Any CPU
		{945AB2DB-27AE-4A21-800A-67E58D497019}.Release|Any CPU.Build.0 = Release|Any CPU
	EndGlobalSection
	GlobalSection(SolutionProperties) = preSolution
		HideSolutionNode = FALSE
	EndGlobalSection
	GlobalSection(ExtensibilityGlobals) = postSolution
		SolutionGuid = {BCCB6B9A-A6FF-4C96-911A-34CA0C03A00E}
	EndGlobalSection
EndGlobal
